// !$*UTF8*$!
{
	archiveVersion = 1;
	classes = {
	};
	objectVersion = 56;
	objects = {

/* Begin PBXBuildFile section */
		18B1CD852A45DC6D005A2B57 /* TaskManagerApp.swift in Sources */ = {isa = PBXBuildFile; fileRef = 18B1CD842A45DC6D005A2B57 /* TaskManagerApp.swift */; };
		18B1CD872A45DC6D005A2B57 /* ContentView.swift in Sources */ = {isa = PBXBuildFile; fileRef = 18B1CD862A45DC6D005A2B57 /* ContentView.swift */; };
		18B1CD892A45DC6D005A2B57 /* Assets.xcassets in Resources */ = {isa = PBXBuildFile; fileRef = 18B1CD882A45DC6D005A2B57 /* Assets.xcassets */; };
		18B1CD8C2A45DC6D005A2B57 /* Preview Assets.xcassets in Resources */ = {isa = PBXBuildFile; fileRef = 18B1CD8B2A45DC6D005A2B57 /* Preview Assets.xcassets */; };
		18B1CD8E2A45DC6D005A2B57 /* Persistence.swift in Sources */ = {isa = PBXBuildFile; fileRef = 18B1CD8D2A45DC6D005A2B57 /* Persistence.swift */; };
		18B1CD912A45DC6D005A2B57 /* TaskManager.xcdatamodeld in Sources */ = {isa = PBXBuildFile; fileRef = 18B1CD8F2A45DC6D005A2B57 /* TaskManager.xcdatamodeld */; };
		18B1CD9B2A45DC6E005A2B57 /* TaskManagerTests.swift in Sources */ = {isa = PBXBuildFile; fileRef = 18B1CD9A2A45DC6E005A2B57 /* TaskManagerTests.swift */; };
		18B1CDA52A45DC6E005A2B57 /* TaskManagerUITests.swift in Sources */ = {isa = PBXBuildFile; fileRef = 18B1CDA42A45DC6E005A2B57 /* TaskManagerUITests.swift */; };
		18B1CDA72A45DC6E005A2B57 /* TaskManagerUITestsLaunchTests.swift in Sources */ = {isa = PBXBuildFile; fileRef = 18B1CDA62A45DC6E005A2B57 /* TaskManagerUITestsLaunchTests.swift */; };
		18B1CDB62A45DEB2005A2B57 /* Home.swift in Sources */ = {isa = PBXBuildFile; fileRef = 18B1CDB52A45DEB2005A2B57 /* Home.swift */; };
		18B1CDB82A45E658005A2B57 /* TaskViewModel.swift in Sources */ = {isa = PBXBuildFile; fileRef = 18B1CDB72A45E658005A2B57 /* TaskViewModel.swift */; };
		18B1CDBA2A45ED77005A2B57 /* AddNewTask.swift in Sources */ = {isa = PBXBuildFile; fileRef = 18B1CDB92A45ED77005A2B57 /* AddNewTask.swift */; };
/* End PBXBuildFile section */

/* Begin PBXContainerItemProxy section */
		18B1CD972A45DC6E005A2B57 /* PBXContainerItemProxy */ = {
			isa = PBXContainerItemProxy;
			containerPortal = 18B1CD792A45DC6D005A2B57 /* Project object */;
			proxyType = 1;
			remoteGlobalIDString = 18B1CD802A45DC6D005A2B57;
			remoteInfo = TaskManager;
		};
		18B1CDA12A45DC6E005A2B57 /* PBXContainerItemProxy */ = {
			isa = PBXContainerItemProxy;
			containerPortal = 18B1CD792A45DC6D005A2B57 /* Project object */;
			proxyType = 1;
			remoteGlobalIDString = 18B1CD802A45DC6D005A2B57;
			remoteInfo = TaskManager;
		};
/* End PBXContainerItemProxy section */

/* Begin PBXFileReference section */
		18B1CD812A45DC6D005A2B57 /* TaskManager.app */ = {isa = PBXFileReference; explicitFileType = wrapper.application; includeInIndex = 0; path = TaskManager.app; sourceTree = BUILT_PRODUCTS_DIR; };
		18B1CD842A45DC6D005A2B57 /* TaskManagerApp.swift */ = {isa = PBXFileReference; lastKnownFileType = sourcecode.swift; path = TaskManagerApp.swift; sourceTree = "<group>"; };
		18B1CD862A45DC6D005A2B57 /* ContentView.swift */ = {isa = PBXFileReference; lastKnownFileType = sourcecode.swift; path = ContentView.swift; sourceTree = "<group>"; };
		18B1CD882A45DC6D005A2B57 /* Assets.xcassets */ = {isa = PBXFileReference; lastKnownFileType = folder.assetcatalog; path = Assets.xcassets; sourceTree = "<group>"; };
		18B1CD8B2A45DC6D005A2B57 /* Preview Assets.xcassets */ = {isa = PBXFileReference; lastKnownFileType = folder.assetcatalog; path = "Preview Assets.xcassets"; sourceTree = "<group>"; };
		18B1CD8D2A45DC6D005A2B57 /* Persistence.swift */ = {isa = PBXFileReference; lastKnownFileType = sourcecode.swift; path = Persistence.swift; sourceTree = "<group>"; };
		18B1CD902A45DC6D005A2B57 /* TaskManager.xcdatamodel */ = {isa = PBXFileReference; lastKnownFileType = wrapper.xcdatamodel; path = TaskManager.xcdatamodel; sourceTree = "<group>"; };
		18B1CD962A45DC6E005A2B57 /* TaskManagerTests.xctest */ = {isa = PBXFileReference; explicitFileType = wrapper.cfbundle; includeInIndex = 0; path = TaskManagerTests.xctest; sourceTree = BUILT_PRODUCTS_DIR; };
		18B1CD9A2A45DC6E005A2B57 /* TaskManagerTests.swift */ = {isa = PBXFileReference; lastKnownFileType = sourcecode.swift; path = TaskManagerTests.swift; sourceTree = "<group>"; };
		18B1CDA02A45DC6E005A2B57 /* TaskManagerUITests.xctest */ = {isa = PBXFileReference; explicitFileType = wrapper.cfbundle; includeInIndex = 0; path = TaskManagerUITests.xctest; sourceTree = BUILT_PRODUCTS_DIR; };
		18B1CDA42A45DC6E005A2B57 /* TaskManagerUITests.swift */ = {isa = PBXFileReference; lastKnownFileType = sourcecode.swift; path = TaskManagerUITests.swift; sourceTree = "<group>"; };
		18B1CDA62A45DC6E005A2B57 /* TaskManagerUITestsLaunchTests.swift */ = {isa = PBXFileReference; lastKnownFileType = sourcecode.swift; path = TaskManagerUITestsLaunchTests.swift; sourceTree = "<group>"; };
		18B1CDB52A45DEB2005A2B57 /* Home.swift */ = {isa = PBXFileReference; lastKnownFileType = sourcecode.swift; path = Home.swift; sourceTree = "<group>"; };
		18B1CDB72A45E658005A2B57 /* TaskViewModel.swift */ = {isa = PBXFileReference; lastKnownFileType = sourcecode.swift; path = TaskViewModel.swift; sourceTree = "<group>"; };
		18B1CDB92A45ED77005A2B57 /* AddNewTask.swift */ = {isa = PBXFileReference; lastKnownFileType = sourcecode.swift; path = AddNewTask.swift; sourceTree = "<group>"; };
/* End PBXFileReference section */

/* Begin PBXFrameworksBuildPhase section */
		18B1CD7E2A45DC6D005A2B57 /* Frameworks */ = {
			isa = PBXFrameworksBuildPhase;
			buildActionMask = 2147483647;
			files = (
			);
			runOnlyForDeploymentPostprocessing = 0;
		};
		18B1CD932A45DC6E005A2B57 /* Frameworks */ = {
			isa = PBXFrameworksBuildPhase;
			buildActionMask = 2147483647;
			files = (
			);
			runOnlyForDeploymentPostprocessing = 0;
		};
		18B1CD9D2A45DC6E005A2B57 /* Frameworks */ = {
			isa = PBXFrameworksBuildPhase;
			buildActionMask = 2147483647;
			files = (
			);
			runOnlyForDeploymentPostprocessing = 0;
		};
/* End PBXFrameworksBuildPhase section */

/* Begin PBXGroup section */
		18B1CD782A45DC6D005A2B57 = {
			isa = PBXGroup;
			children = (
				18B1CD832A45DC6D005A2B57 /* TaskManager */,
				18B1CD992A45DC6E005A2B57 /* TaskManagerTests */,
				18B1CDA32A45DC6E005A2B57 /* TaskManagerUITests */,
				18B1CD822A45DC6D005A2B57 /* Products */,
			);
			sourceTree = "<group>";
		};
		18B1CD822A45DC6D005A2B57 /* Products */ = {
			isa = PBXGroup;
			children = (
				18B1CD812A45DC6D005A2B57 /* TaskManager.app */,
				18B1CD962A45DC6E005A2B57 /* TaskManagerTests.xctest */,
				18B1CDA02A45DC6E005A2B57 /* TaskManagerUITests.xctest */,
			);
			name = Products;
			sourceTree = "<group>";
		};
		18B1CD832A45DC6D005A2B57 /* TaskManager */ = {
			isa = PBXGroup;
			children = (
				18B1CDB42A45DE9B005A2B57 /* ViewModel */,
				18B1CDB32A45DE8E005A2B57 /* View */,
				18B1CD842A45DC6D005A2B57 /* TaskManagerApp.swift */,
				18B1CD862A45DC6D005A2B57 /* ContentView.swift */,
				18B1CD882A45DC6D005A2B57 /* Assets.xcassets */,
				18B1CD8D2A45DC6D005A2B57 /* Persistence.swift */,
				18B1CD8F2A45DC6D005A2B57 /* TaskManager.xcdatamodeld */,
				18B1CD8A2A45DC6D005A2B57 /* Preview Content */,
			);
			path = TaskManager;
			sourceTree = "<group>";
		};
		18B1CD8A2A45DC6D005A2B57 /* Preview Content */ = {
			isa = PBXGroup;
			children = (
				18B1CD8B2A45DC6D005A2B57 /* Preview Assets.xcassets */,
			);
			path = "Preview Content";
			sourceTree = "<group>";
		};
		18B1CD992A45DC6E005A2B57 /* TaskManagerTests */ = {
			isa = PBXGroup;
			children = (
				18B1CD9A2A45DC6E005A2B57 /* TaskManagerTests.swift */,
			);
			path = TaskManagerTests;
			sourceTree = "<group>";
		};
		18B1CDA32A45DC6E005A2B57 /* TaskManagerUITests */ = {
			isa = PBXGroup;
			children = (
				18B1CDA42A45DC6E005A2B57 /* TaskManagerUITests.swift */,
				18B1CDA62A45DC6E005A2B57 /* TaskManagerUITestsLaunchTests.swift */,
			);
			path = TaskManagerUITests;
			sourceTree = "<group>";
		};
		18B1CDB32A45DE8E005A2B57 /* View */ = {
			isa = PBXGroup;
			children = (
				18B1CDB52A45DEB2005A2B57 /* Home.swift */,
				18B1CDB92A45ED77005A2B57 /* AddNewTask.swift */,
			);
			path = View;
			sourceTree = "<group>";
		};
		18B1CDB42A45DE9B005A2B57 /* ViewModel */ = {
			isa = PBXGroup;
			children = (
				18B1CDB72A45E658005A2B57 /* TaskViewModel.swift */,
			);
			path = ViewModel;
			sourceTree = "<group>";
		};
/* End PBXGroup section */

/* Begin PBXNativeTarget section */
		18B1CD802A45DC6D005A2B57 /* TaskManager */ = {
			isa = PBXNativeTarget;
			buildConfigurationList = 18B1CDAA2A45DC6E005A2B57 /* Build configuration list for PBXNativeTarget "TaskManager" */;
			buildPhases = (
				18B1CD7D2A45DC6D005A2B57 /* Sources */,
				18B1CD7E2A45DC6D005A2B57 /* Frameworks */,
				18B1CD7F2A45DC6D005A2B57 /* Resources */,
			);
			buildRules = (
			);
			dependencies = (
			);
			name = TaskManager;
			productName = TaskManager;
			productReference = 18B1CD812A45DC6D005A2B57 /* TaskManager.app */;
			productType = "com.apple.product-type.application";
		};
		18B1CD952A45DC6E005A2B57 /* TaskManagerTests */ = {
			isa = PBXNativeTarget;
			buildConfigurationList = 18B1CDAD2A45DC6E005A2B57 /* Build configuration list for PBXNativeTarget "TaskManagerTests" */;
			buildPhases = (
				18B1CD922A45DC6E005A2B57 /* Sources */,
				18B1CD932A45DC6E005A2B57 /* Frameworks */,
				18B1CD942A45DC6E005A2B57 /* Resources */,
			);
			buildRules = (
			);
			dependencies = (
				18B1CD982A45DC6E005A2B57 /* PBXTargetDependency */,
			);
			name = TaskManagerTests;
			productName = TaskManagerTests;
			productReference = 18B1CD962A45DC6E005A2B57 /* TaskManagerTests.xctest */;
			productType = "com.apple.product-type.bundle.unit-test";
		};
		18B1CD9F2A45DC6E005A2B57 /* TaskManagerUITests */ = {
			isa = PBXNativeTarget;
			buildConfigurationList = 18B1CDB02A45DC6E005A2B57 /* Build configuration list for PBXNativeTarget "TaskManagerUITests" */;
			buildPhases = (
				18B1CD9C2A45DC6E005A2B57 /* Sources */,
				18B1CD9D2A45DC6E005A2B57 /* Frameworks */,
				18B1CD9E2A45DC6E005A2B57 /* Resources */,
			);
			buildRules = (
			);
			dependencies = (
				18B1CDA22A45DC6E005A2B57 /* PBXTargetDependency */,
			);
			name = TaskManagerUITests;
			productName = TaskManagerUITests;
			productReference = 18B1CDA02A45DC6E005A2B57 /* TaskManagerUITests.xctest */;
			productType = "com.apple.product-type.bundle.ui-testing";
		};
/* End PBXNativeTarget section */

/* Begin PBXProject section */
		18B1CD792A45DC6D005A2B57 /* Project object */ = {
			isa = PBXProject;
			attributes = {
				BuildIndependentTargetsInParallel = 1;
				LastSwiftUpdateCheck = 1430;
				LastUpgradeCheck = 1430;
				TargetAttributes = {
					18B1CD802A45DC6D005A2B57 = {
						CreatedOnToolsVersion = 14.3;
					};
					18B1CD952A45DC6E005A2B57 = {
						CreatedOnToolsVersion = 14.3;
						TestTargetID = 18B1CD802A45DC6D005A2B57;
					};
					18B1CD9F2A45DC6E005A2B57 = {
						CreatedOnToolsVersion = 14.3;
						TestTargetID = 18B1CD802A45DC6D005A2B57;
					};
				};
			};
			buildConfigurationList = 18B1CD7C2A45DC6D005A2B57 /* Build configuration list for PBXProject "TaskManager" */;
			compatibilityVersion = "Xcode 14.0";
			developmentRegion = en;
			hasScannedForEncodings = 0;
			knownRegions = (
				en,
				Base,
			);
			mainGroup = 18B1CD782A45DC6D005A2B57;
			productRefGroup = 18B1CD822A45DC6D005A2B57 /* Products */;
			projectDirPath = "";
			projectRoot = "";
			targets = (
				18B1CD802A45DC6D005A2B57 /* TaskManager */,
				18B1CD952A45DC6E005A2B57 /* TaskManagerTests */,
				18B1CD9F2A45DC6E005A2B57 /* TaskManagerUITests */,
			);
		};
/* End PBXProject section */

/* Begin PBXResourcesBuildPhase section */
		18B1CD7F2A45DC6D005A2B57 /* Resources */ = {
			isa = PBXResourcesBuildPhase;
			buildActionMask = 2147483647;
			files = (
				18B1CD8C2A45DC6D005A2B57 /* Preview Assets.xcassets in Resources */,
				18B1CD892A45DC6D005A2B57 /* Assets.xcassets in Resources */,
			);
			runOnlyForDeploymentPostprocessing = 0;
		};
		18B1CD942A45DC6E005A2B57 /* Resources */ = {
			isa = PBXResourcesBuildPhase;
			buildActionMask = 2147483647;
			files = (
			);
			runOnlyForDeploymentPostprocessing = 0;
		};
		18B1CD9E2A45DC6E005A2B57 /* Resources */ = {
			isa = PBXResourcesBuildPhase;
			buildActionMask = 2147483647;
			files = (
			);
			runOnlyForDeploymentPostprocessing = 0;
		};
/* End PBXResourcesBuildPhase section */

/* Begin PBXSourcesBuildPhase section */
		18B1CD7D2A45DC6D005A2B57 /* Sources */ = {
			isa = PBXSourcesBuildPhase;
			buildActionMask = 2147483647;
			files = (
				18B1CD8E2A45DC6D005A2B57 /* Persistence.swift in Sources */,
				18B1CDB82A45E658005A2B57 /* TaskViewModel.swift in Sources */,
				18B1CD872A45DC6D005A2B57 /* ContentView.swift in Sources */,
				18B1CDB62A45DEB2005A2B57 /* Home.swift in Sources */,
				18B1CDBA2A45ED77005A2B57 /* AddNewTask.swift in Sources */,
				18B1CD912A45DC6D005A2B57 /* TaskManager.xcdatamodeld in Sources */,
				18B1CD852A45DC6D005A2B57 /* TaskManagerApp.swift in Sources */,
			);
			runOnlyForDeploymentPostprocessing = 0;
		};
		18B1CD922A45DC6E005A2B57 /* Sources */ = {
			isa = PBXSourcesBuildPhase;
			buildActionMask = 2147483647;
			files = (
				18B1CD9B2A45DC6E005A2B57 /* TaskManagerTests.swift in Sources */,
			);
			runOnlyForDeploymentPostprocessing = 0;
		};
		18B1CD9C2A45DC6E005A2B57 /* Sources */ = {
			isa = PBXSourcesBuildPhase;
			buildActionMask = 2147483647;
			files = (
				18B1CDA52A45DC6E005A2B57 /* TaskManagerUITests.swift in Sources */,
				18B1CDA72A45DC6E005A2B57 /* TaskManagerUITestsLaunchTests.swift in Sources */,
			);
			runOnlyForDeploymentPostprocessing = 0;
		};
/* End PBXSourcesBuildPhase section */

/* Begin PBXTargetDependency section */
		18B1CD982A45DC6E005A2B57 /* PBXTargetDependency */ = {
			isa = PBXTargetDependency;
			target = 18B1CD802A45DC6D005A2B57 /* TaskManager */;
			targetProxy = 18B1CD972A45DC6E005A2B57 /* PBXContainerItemProxy */;
		};
		18B1CDA22A45DC6E005A2B57 /* PBXTargetDependency */ = {
			isa = PBXTargetDependency;
			target = 18B1CD802A45DC6D005A2B57 /* TaskManager */;
			targetProxy = 18B1CDA12A45DC6E005A2B57 /* PBXContainerItemProxy */;
		};
/* End PBXTargetDependency section */

/* Begin XCBuildConfiguration section */
		18B1CDA82A45DC6E005A2B57 /* Debug */ = {
			isa = XCBuildConfiguration;
			buildSettings = {
				ALWAYS_SEARCH_USER_PATHS = NO;
				CLANG_ANALYZER_NONNULL = YES;
				CLANG_ANALYZER_NUMBER_OBJECT_CONVERSION = YES_AGGRESSIVE;
				CLANG_CXX_LANGUAGE_STANDARD = "gnu++20";
				CLANG_ENABLE_MODULES = YES;
				CLANG_ENABLE_OBJC_ARC = YES;
				CLANG_ENABLE_OBJC_WEAK = YES;
				CLANG_WARN_BLOCK_CAPTURE_AUTORELEASING = YES;
				CLANG_WARN_BOOL_CONVERSION = YES;
				CLANG_WARN_COMMA = YES;
				CLANG_WARN_CONSTANT_CONVERSION = YES;
				CLANG_WARN_DEPRECATED_OBJC_IMPLEMENTATIONS = YES;
				CLANG_WARN_DIRECT_OBJC_ISA_USAGE = YES_ERROR;
				CLANG_WARN_DOCUMENTATION_COMMENTS = YES;
				CLANG_WARN_EMPTY_BODY = YES;
				CLANG_WARN_ENUM_CONVERSION = YES;
				CLANG_WARN_INFINITE_RECURSION = YES;
				CLANG_WARN_INT_CONVERSION = YES;
				CLANG_WARN_NON_LITERAL_NULL_CONVERSION = YES;
				CLANG_WARN_OBJC_IMPLICIT_RETAIN_SELF = YES;
				CLANG_WARN_OBJC_LITERAL_CONVERSION = YES;
				CLANG_WARN_OBJC_ROOT_CLASS = YES_ERROR;
				CLANG_WARN_QUOTED_INCLUDE_IN_FRAMEWORK_HEADER = YES;
				CLANG_WARN_RANGE_LOOP_ANALYSIS = YES;
				CLANG_WARN_STRICT_PROTOTYPES = YES;
				CLANG_WARN_SUSPICIOUS_MOVE = YES;
				CLANG_WARN_UNGUARDED_AVAILABILITY = YES_AGGRESSIVE;
				CLANG_WARN_UNREACHABLE_CODE = YES;
				CLANG_WARN__DUPLICATE_METHOD_MATCH = YES;
				COPY_PHASE_STRIP = NO;
				DEBUG_INFORMATION_FORMAT = dwarf;
				ENABLE_STRICT_OBJC_MSGSEND = YES;
				ENABLE_TESTABILITY = YES;
				GCC_C_LANGUAGE_STANDARD = gnu11;
				GCC_DYNAMIC_NO_PIC = NO;
				GCC_NO_COMMON_BLOCKS = YES;
				GCC_OPTIMIZATION_LEVEL = 0;
				GCC_PREPROCESSOR_DEFINITIONS = (
					"DEBUG=1",
					"$(inherited)",
				);
				GCC_WARN_64_TO_32_BIT_CONVERSION = YES;
				GCC_WARN_ABOUT_RETURN_TYPE = YES_ERROR;
				GCC_WARN_UNDECLARED_SELECTOR = YES;
				GCC_WARN_UNINITIALIZED_AUTOS = YES_AGGRESSIVE;
				GCC_WARN_UNUSED_FUNCTION = YES;
				GCC_WARN_UNUSED_VARIABLE = YES;
				IPHONEOS_DEPLOYMENT_TARGET = 16.4;
				MTL_ENABLE_DEBUG_INFO = INCLUDE_SOURCE;
				MTL_FAST_MATH = YES;
				ONLY_ACTIVE_ARCH = YES;
				SDKROOT = iphoneos;
				SWIFT_ACTIVE_COMPILATION_CONDITIONS = DEBUG;
				SWIFT_OPTIMIZATION_LEVEL = "-Onone";
			};
			name = Debug;
		};
		18B1CDA92A45DC6E005A2B57 /* Release */ = {
			isa = XCBuildConfiguration;
			buildSettings = {
				ALWAYS_SEARCH_USER_PATHS = NO;
				CLANG_ANALYZER_NONNULL = YES;
				CLANG_ANALYZER_NUMBER_OBJECT_CONVERSION = YES_AGGRESSIVE;
				CLANG_CXX_LANGUAGE_STANDARD = "gnu++20";
				CLANG_ENABLE_MODULES = YES;
				CLANG_ENABLE_OBJC_ARC = YES;
				CLANG_ENABLE_OBJC_WEAK = YES;
				CLANG_WARN_BLOCK_CAPTURE_AUTORELEASING = YES;
				CLANG_WARN_BOOL_CONVERSION = YES;
				CLANG_WARN_COMMA = YES;
				CLANG_WARN_CONSTANT_CONVERSION = YES;
				CLANG_WARN_DEPRECATED_OBJC_IMPLEMENTATIONS = YES;
				CLANG_WARN_DIRECT_OBJC_ISA_USAGE = YES_ERROR;
				CLANG_WARN_DOCUMENTATION_COMMENTS = YES;
				CLANG_WARN_EMPTY_BODY = YES;
				CLANG_WARN_ENUM_CONVERSION = YES;
				CLANG_WARN_INFINITE_RECURSION = YES;
				CLANG_WARN_INT_CONVERSION = YES;
				CLANG_WARN_NON_LITERAL_NULL_CONVERSION = YES;
				CLANG_WARN_OBJC_IMPLICIT_RETAIN_SELF = YES;
				CLANG_WARN_OBJC_LITERAL_CONVERSION = YES;
				CLANG_WARN_OBJC_ROOT_CLASS = YES_ERROR;
				CLANG_WARN_QUOTED_INCLUDE_IN_FRAMEWORK_HEADER = YES;
				CLANG_WARN_RANGE_LOOP_ANALYSIS = YES;
				CLANG_WARN_STRICT_PROTOTYPES = YES;
				CLANG_WARN_SUSPICIOUS_MOVE = YES;
				CLANG_WARN_UNGUARDED_AVAILABILITY = YES_AGGRESSIVE;
				CLANG_WARN_UNREACHABLE_CODE = YES;
				CLANG_WARN__DUPLICATE_METHOD_MATCH = YES;
				COPY_PHASE_STRIP = NO;
				DEBUG_INFORMATION_FORMAT = "dwarf-with-dsym";
				ENABLE_NS_ASSERTIONS = NO;
				ENABLE_STRICT_OBJC_MSGSEND = YES;
				GCC_C_LANGUAGE_STANDARD = gnu11;
				GCC_NO_COMMON_BLOCKS = YES;
				GCC_WARN_64_TO_32_BIT_CONVERSION = YES;
				GCC_WARN_ABOUT_RETURN_TYPE = YES_ERROR;
				GCC_WARN_UNDECLARED_SELECTOR = YES;
				GCC_WARN_UNINITIALIZED_AUTOS = YES_AGGRESSIVE;
				GCC_WARN_UNUSED_FUNCTION = YES;
				GCC_WARN_UNUSED_VARIABLE = YES;
				IPHONEOS_DEPLOYMENT_TARGET = 16.4;
				MTL_ENABLE_DEBUG_INFO = NO;
				MTL_FAST_MATH = YES;
				SDKROOT = iphoneos;
				SWIFT_COMPILATION_MODE = wholemodule;
				SWIFT_OPTIMIZATION_LEVEL = "-O";
				VALIDATE_PRODUCT = YES;
			};
			name = Release;
		};
		18B1CDAB2A45DC6E005A2B57 /* Debug */ = {
			isa = XCBuildConfiguration;
			buildSettings = {
				ASSETCATALOG_COMPILER_APPICON_NAME = AppIcon;
				ASSETCATALOG_COMPILER_GLOBAL_ACCENT_COLOR_NAME = AccentColor;
				CODE_SIGN_STYLE = Automatic;
				CURRENT_PROJECT_VERSION = 1;
				DEVELOPMENT_ASSET_PATHS = "\"TaskManager/Preview Content\"";
				ENABLE_PREVIEWS = YES;
				GENERATE_INFOPLIST_FILE = YES;
				INFOPLIST_KEY_UIApplicationSceneManifest_Generation = YES;
				INFOPLIST_KEY_UIApplicationSupportsIndirectInputEvents = YES;
				INFOPLIST_KEY_UILaunchScreen_Generation = YES;
				INFOPLIST_KEY_UISupportedInterfaceOrientations_iPad = "UIInterfaceOrientationPortrait UIInterfaceOrientationPortraitUpsideDown UIInterfaceOrientationLandscapeLeft UIInterfaceOrientationLandscapeRight";
				INFOPLIST_KEY_UISupportedInterfaceOrientations_iPhone = "UIInterfaceOrientationPortrait UIInterfaceOrientationLandscapeLeft UIInterfaceOrientationLandscapeRight";
				LD_RUNPATH_SEARCH_PATHS = (
					"$(inherited)",
					"@executable_path/Frameworks",
				);
				MARKETING_VERSION = 1.0;
				PRODUCT_BUNDLE_IDENTIFIER = br.com.alura.TaskManager;
				PRODUCT_NAME = "$(TARGET_NAME)";
				SWIFT_EMIT_LOC_STRINGS = YES;
				SWIFT_VERSION = 5.0;
				TARGETED_DEVICE_FAMILY = "1,2";
			};
			name = Debug;
		};
		18B1CDAC2A45DC6E005A2B57 /* Release */ = {
			isa = XCBuildConfiguration;
			buildSettings = {
				ASSETCATALOG_COMPILER_APPICON_NAME = AppIcon;
				ASSETCATALOG_COMPILER_GLOBAL_ACCENT_COLOR_NAME = AccentColor;
				CODE_SIGN_STYLE = Automatic;
				CURRENT_PROJECT_VERSION = 1;
				DEVELOPMENT_ASSET_PATHS = "\"TaskManager/Preview Content\"";
				ENABLE_PREVIEWS = YES;
				GENERATE_INFOPLIST_FILE = YES;
				INFOPLIST_KEY_UIApplicationSceneManifest_Generation = YES;
				INFOPLIST_KEY_UIApplicationSupportsIndirectInputEvents = YES;
				INFOPLIST_KEY_UILaunchScreen_Generation = YES;
				INFOPLIST_KEY_UISupportedInterfaceOrientations_iPad = "UIInterfaceOrientationPortrait UIInterfaceOrientationPortraitUpsideDown UIInterfaceOrientationLandscapeLeft UIInterfaceOrientationLandscapeRight";
				INFOPLIST_KEY_UISupportedInterfaceOrientations_iPhone = "UIInterfaceOrientationPortrait UIInterfaceOrientationLandscapeLeft UIInterfaceOrientationLandscapeRight";
				LD_RUNPATH_SEARCH_PATHS = (
					"$(inherited)",
					"@executable_path/Frameworks",
				);
				MARKETING_VERSION = 1.0;
				PRODUCT_BUNDLE_IDENTIFIER = br.com.alura.TaskManager;
				PRODUCT_NAME = "$(TARGET_NAME)";
				SWIFT_EMIT_LOC_STRINGS = YES;
				SWIFT_VERSION = 5.0;
				TARGETED_DEVICE_FAMILY = "1,2";
			};
			name = Release;
		};
		18B1CDAE2A45DC6E005A2B57 /* Debug */ = {
			isa = XCBuildConfiguration;
			buildSettings = {
				ALWAYS_EMBED_SWIFT_STANDARD_LIBRARIES = YES;
				BUNDLE_LOADER = "$(TEST_HOST)";
				CODE_SIGN_STYLE = Automatic;
				CURRENT_PROJECT_VERSION = 1;
				GENERATE_INFOPLIST_FILE = YES;
				IPHONEOS_DEPLOYMENT_TARGET = 16.4;
				MARKETING_VERSION = 1.0;
				PRODUCT_BUNDLE_IDENTIFIER = br.com.alura.TaskManagerTests;
				PRODUCT_NAME = "$(TARGET_NAME)";
				SWIFT_EMIT_LOC_STRINGS = NO;
				SWIFT_VERSION = 5.0;
				TARGETED_DEVICE_FAMILY = "1,2";
				TEST_HOST = "$(BUILT_PRODUCTS_DIR)/TaskManager.app/$(BUNDLE_EXECUTABLE_FOLDER_PATH)/TaskManager";
			};
			name = Debug;
		};
		18B1CDAF2A45DC6E005A2B57 /* Release */ = {
			isa = XCBuildConfiguration;
			buildSettings = {
				ALWAYS_EMBED_SWIFT_STANDARD_LIBRARIES = YES;
				BUNDLE_LOADER = "$(TEST_HOST)";
				CODE_SIGN_STYLE = Automatic;
				CURRENT_PROJECT_VERSION = 1;
				GENERATE_INFOPLIST_FILE = YES;
				IPHONEOS_DEPLOYMENT_TARGET = 16.4;
				MARKETING_VERSION = 1.0;
				PRODUCT_BUNDLE_IDENTIFIER = br.com.alura.TaskManagerTests;
				PRODUCT_NAME = "$(TARGET_NAME)";
				SWIFT_EMIT_LOC_STRINGS = NO;
				SWIFT_VERSION = 5.0;
				TARGETED_DEVICE_FAMILY = "1,2";
				TEST_HOST = "$(BUILT_PRODUCTS_DIR)/TaskManager.app/$(BUNDLE_EXECUTABLE_FOLDER_PATH)/TaskManager";
			};
			name = Release;
		};
		18B1CDB12A45DC6E005A2B57 /* Debug */ = {
			isa = XCBuildConfiguration;
			buildSettings = {
				ALWAYS_EMBED_SWIFT_STANDARD_LIBRARIES = YES;
				CODE_SIGN_STYLE = Automatic;
				CURRENT_PROJECT_VERSION = 1;
				GENERATE_INFOPLIST_FILE = YES;
				MARKETING_VERSION = 1.0;
				PRODUCT_BUNDLE_IDENTIFIER = br.com.alura.TaskManagerUITests;
				PRODUCT_NAME = "$(TARGET_NAME)";
				SWIFT_EMIT_LOC_STRINGS = NO;
				SWIFT_VERSION = 5.0;
				TARGETED_DEVICE_FAMILY = "1,2";
				TEST_TARGET_NAME = TaskManager;
			};
			name = Debug;
		};
		18B1CDB22A45DC6E005A2B57 /* Release */ = {
			isa = XCBuildConfiguration;
			buildSettings = {
				ALWAYS_EMBED_SWIFT_STANDARD_LIBRARIES = YES;
				CODE_SIGN_STYLE = Automatic;
				CURRENT_PROJECT_VERSION = 1;
				GENERATE_INFOPLIST_FILE = YES;
				MARKETING_VERSION = 1.0;
				PRODUCT_BUNDLE_IDENTIFIER = br.com.alura.TaskManagerUITests;
				PRODUCT_NAME = "$(TARGET_NAME)";
				SWIFT_EMIT_LOC_STRINGS = NO;
				SWIFT_VERSION = 5.0;
				TARGETED_DEVICE_FAMILY = "1,2";
				TEST_TARGET_NAME = TaskManager;
			};
			name = Release;
		};
/* End XCBuildConfiguration section */

/* Begin XCConfigurationList section */
		18B1CD7C2A45DC6D005A2B57 /* Build configuration list for PBXProject "TaskManager" */ = {
			isa = XCConfigurationList;
			buildConfigurations = (
				18B1CDA82A45DC6E005A2B57 /* Debug */,
				18B1CDA92A45DC6E005A2B57 /* Release */,
			);
			defaultConfigurationIsVisible = 0;
			defaultConfigurationName = Release;
		};
		18B1CDAA2A45DC6E005A2B57 /* Build configuration list for PBXNativeTarget "TaskManager" */ = {
			isa = XCConfigurationList;
			buildConfigurations = (
				18B1CDAB2A45DC6E005A2B57 /* Debug */,
				18B1CDAC2A45DC6E005A2B57 /* Release */,
			);
			defaultConfigurationIsVisible = 0;
			defaultConfigurationName = Release;
		};
		18B1CDAD2A45DC6E005A2B57 /* Build configuration list for PBXNativeTarget "TaskManagerTests" */ = {
			isa = XCConfigurationList;
			buildConfigurations = (
				18B1CDAE2A45DC6E005A2B57 /* Debug */,
				18B1CDAF2A45DC6E005A2B57 /* Release */,
			);
			defaultConfigurationIsVisible = 0;
			defaultConfigurationName = Release;
		};
		18B1CDB02A45DC6E005A2B57 /* Build configuration list for PBXNativeTarget "TaskManagerUITests" */ = {
			isa = XCConfigurationList;
			buildConfigurations = (
				18B1CDB12A45DC6E005A2B57 /* Debug */,
				18B1CDB22A45DC6E005A2B57 /* Release */,
			);
			defaultConfigurationIsVisible = 0;
			defaultConfigurationName = Release;
		};
/* End XCConfigurationList section */

/* Begin XCVersionGroup section */
		18B1CD8F2A45DC6D005A2B57 /* TaskManager.xcdatamodeld */ = {
			isa = XCVersionGroup;
			children = (
				18B1CD902A45DC6D005A2B57 /* TaskManager.xcdatamodel */,
			);
			currentVersion = 18B1CD902A45DC6D005A2B57 /* TaskManager.xcdatamodel */;
			path = TaskManager.xcdatamodeld;
			sourceTree = "<group>";
			versionGroupType = wrapper.xcdatamodel;
		};
/* End XCVersionGroup section */
	};
	rootObject = 18B1CD792A45DC6D005A2B57 /* Project object */;
}
